{
  "nodes": {
    "flake-compat": {
      "flake": false,
      "locked": {
        "lastModified": 1767039857,
        "narHash": "sha256-vNpUSpF5Nuw8xvDLj2KCwwksIbjua2LZCqhV1LNRDns=",
        "owner": "edolstra",
        "repo": "flake-compat",
        "rev": "5edf11c44bc78a0d334f6334cdaf7d60d732daab",
        "type": "github"
      },
      "original": {
        "owner": "edolstra",
        "repo": "flake-compat",
        "type": "github"
      }
    },
    "mvim": {
      "inputs": {
        "nixCats": "nixCats",
        "nixpkgs": [
          "mySystem",
          "nixpkgs"
        ],
        "plugins-better-ts-errors": "plugins-better-ts-errors",
        "plugins-opencode": "plugins-opencode"
      },
      "locked": {
        "path": "./common/nvim",
        "type": "path"
      },
      "original": {
        "path": "./common/nvim",
        "type": "path"
      },
      "parent": [
        "mySystem"
      ]
    },
    "mySystem": {
      "inputs": {
        "mvim": "mvim",
        "nixpkgs": [
          "nixpkgs"
        ],
        "openCodeSrc": "openCodeSrc"
      },
      "locked": {
        "path": "./software",
        "type": "path"
      },
      "original": {
        "path": "./software",
        "type": "path"
      },
      "parent": []
    },
    "nixCats": {
      "locked": {
        "lastModified": 1770584904,
        "narHash": "sha256-9Zaz8lbKF2W9pwXZEnbiGsicHdBoU+dHt3Wv3mCJoZ8=",
        "owner": "BirdeeHub",
        "repo": "nixCats-nvim",
        "rev": "538fdde784d2909700d97a8ef307783b33a86fb1",
        "type": "github"
      },
      "original": {
        "owner": "BirdeeHub",
        "repo": "nixCats-nvim",
        "type": "github"
      }
    },
    "nixos-wsl": {
      "inputs": {
        "flake-compat": "flake-compat",
        "nixpkgs": "nixpkgs_2"
      },
      "locked": {
        "lastModified": 1772386632,
        "narHash": "sha256-sm6OpWZuoDwR53KNlsY482YOoHFWlWYwt0wHmqLkRGE=",
        "owner": "nix-community",
        "repo": "NixOS-WSL",
        "rev": "be894604b2aa2184c0b3d3b44995acd0da14dc0c",
        "type": "github"
      },
      "original": {
        "owner": "nix-community",
        "ref": "main",
        "repo": "NixOS-WSL",
        "type": "github"
      }
    },
    "nixpkgs": {
      "locked": {
        "lastModified": 1772091128,
        "narHash": "sha256-TnrYykX8Mf/Ugtkix6V+PjW7miU2yClA6uqWl/v6KWM=",
        "owner": "NixOS",
        "repo": "nixpkgs",
        "rev": "3f0336406035444b4a24b942788334af5f906259",
        "type": "github"
      },
      "original": {
        "owner": "NixOS",
        "ref": "nixpkgs-unstable",
        "repo": "nixpkgs",
        "type": "github"
      }
    },
    "nixpkgs_2": {
      "locked": {
        "lastModified": 1770019141,
        "narHash": "sha256-VKS4ZLNx4PNrABoB0L8KUpc1fE7CLpQXQs985tGfaCU=",
        "owner": "NixOS",
        "repo": "nixpkgs",
        "rev": "cb369ef2efd432b3cdf8622b0ffc0a97a02f3137",
        "type": "github"
      },
      "original": {
        "owner": "NixOS",
        "ref": "nixos-unstable",
        "repo": "nixpkgs",
        "type": "github"
      }
    },
    "nixpkgs_3": {
      "locked": {
        "lastModified": 1772598333,
        "narHash": "sha256-YaHht/C35INEX3DeJQNWjNaTcPjYmBwwjFJ2jdtr+5U=",
        "owner": "NixOS",
        "repo": "nixpkgs",
        "rev": "fabb8c9deee281e50b1065002c9828f2cf7b2239",
        "type": "github"
      },
      "original": {
        "owner": "NixOS",
        "ref": "nixos-25.11",
        "repo": "nixpkgs",
        "type": "github"
      }
    },
    "openCodeSrc": {
      "inputs": {
        "nixpkgs": "nixpkgs"
      },
      "locked": {
        "lastModified": 1772668151,
        "narHash": "sha256-3pNg1wGCIP90mqeAxDaYW9GtjuejOCq6X+PRNF+m+0M=",
        "owner": "sst",
        "repo": "opencode",
        "rev": "324230806e99d4e5c9cc14fd66ddad0ba0c2b6e6",
        "type": "github"
      },
      "original": {
        "owner": "sst",
        "repo": "opencode",
        "type": "github"
      }
    },
    "plugins-better-ts-errors": {
      "flake": false,
      "locked": {
        "lastModified": 1730709379,
        "narHash": "sha256-JqcoTKhU3ghFp2z8Wt27aI/DvUc6nfvs5QvkjOAdrU8=",
        "owner": "OlegGulevskyy",
        "repo": "better-ts-errors.nvim",
        "rev": "d57a7794b271e1a0010d0328e5d3f18e20f1face",
        "type": "github"
      },
      "original": {
        "owner": "OlegGulevskyy",
        "repo": "better-ts-errors.nvim",
        "type": "github"
      }
    },
    "plugins-opencode": {
      "flake": false,
      "locked": {
        "lastModified": 1772637632,
        "narHash": "sha256-hhVc34qfLt/wMuvNfwLASeThplUS8uIlKiz08ZmkBzE=",
        "owner": "sudo-tee",
        "repo": "opencode.nvim",
        "rev": "fbad9da6c08dfe794c4d12e42f85f37029fef8a2",
        "type": "github"
      },
      "original": {
        "owner": "sudo-tee",
        "repo": "opencode.nvim",
        "rev": "fbad9da6c08dfe794c4d12e42f85f37029fef8a2",
        "type": "github"
      }
    },
    "root": {
      "inputs": {
        "mySystem": "mySystem",
        "nixos-wsl": "nixos-wsl",
        "nixpkgs": "nixpkgs_3"
      }
    }
  },
  "root": "root",
  "version": 7
}
