{
  "nodes": {
    "flake-compat": {
      "flake": false,
      "locked": {
        "lastModified": 1761588595,
        "narHash": "sha256-XKUZz9zewJNUj46b4AJdiRZJAvSZ0Dqj2BNfXvFlJC4=",
        "owner": "edolstra",
        "repo": "flake-compat",
        "rev": "f387cd2afec9419c8ee37694406ca490c3f34ee5",
        "type": "github"
      },
      "original": {
        "owner": "edolstra",
        "repo": "flake-compat",
        "type": "github"
      }
    },
    "ghostty": {
      "inputs": {
        "nixpkgs": [
          "mySystem",
          "nixpkgs"
        ]
      },
      "locked": {
        "path": "./ghostty",
        "type": "path"
      },
      "original": {
        "path": "./ghostty",
        "type": "path"
      },
      "parent": [
        "mySystem"
      ]
    },
    "lazygit": {
      "inputs": {
        "nixpkgs": [
          "mySystem",
          "nixpkgs"
        ]
      },
      "locked": {
        "path": "./lazygit",
        "type": "path"
      },
      "original": {
        "path": "./lazygit",
        "type": "path"
      },
      "parent": [
        "mySystem"
      ]
    },
    "mvim": {
      "inputs": {
        "nixCats": "nixCats",
        "nixpkgs": [
          "mySystem",
          "nixpkgs"
        ],
        "plugins-dev-tools": "plugins-dev-tools",
        "plugins-opencode": "plugins-opencode"
      },
      "locked": {
        "path": "./mvim",
        "type": "path"
      },
      "original": {
        "path": "./mvim",
        "type": "path"
      },
      "parent": [
        "mySystem"
      ]
    },
    "mySystem": {
      "inputs": {
        "ghostty": "ghostty",
        "lazygit": "lazygit",
        "mvim": "mvim",
        "myTmux": "myTmux",
        "nixpkgs": [
          "nixpkgs"
        ],
        "openCodeSrc": "openCodeSrc"
      },
      "locked": {
        "path": "./software",
        "type": "path"
      },
      "original": {
        "path": "./software",
        "type": "path"
      },
      "parent": []
    },
    "myTmux": {
      "inputs": {
        "nixpkgs": [
          "mySystem",
          "nixpkgs"
        ]
      },
      "locked": {
        "path": "./tmux",
        "type": "path"
      },
      "original": {
        "path": "./tmux",
        "type": "path"
      },
      "parent": [
        "mySystem"
      ]
    },
    "nixCats": {
      "locked": {
        "lastModified": 1764009888,
        "narHash": "sha256-hJekfTiW1792txgRSM4LcHnz1lDSY87LYbsJEn2V378=",
        "owner": "BirdeeHub",
        "repo": "nixCats-nvim",
        "rev": "16ac3281f322ea15d39843829e42a44d22da3715",
        "type": "github"
      },
      "original": {
        "owner": "BirdeeHub",
        "repo": "nixCats-nvim",
        "type": "github"
      }
    },
    "nixos-wsl": {
      "inputs": {
        "flake-compat": "flake-compat",
        "nixpkgs": "nixpkgs_2"
      },
      "locked": {
        "lastModified": 1764072830,
        "narHash": "sha256-ezkjlUCohD9o9c47Ey0/I4CamSS0QEORTqGvyGqMud0=",
        "owner": "nix-community",
        "repo": "NixOS-WSL",
        "rev": "c7832dd786175e20f2697179e0e03efadffe4201",
        "type": "github"
      },
      "original": {
        "owner": "nix-community",
        "ref": "main",
        "repo": "NixOS-WSL",
        "type": "github"
      }
    },
    "nixpkgs": {
      "locked": {
        "lastModified": 1764167966,
        "narHash": "sha256-nXv6xb7cq+XpjBYIjWEGTLCqQetxJu6zvVlrqHMsCOA=",
        "owner": "NixOS",
        "repo": "nixpkgs",
        "rev": "5c46f3bd98147c8d82366df95bbef2cab3a967ea",
        "type": "github"
      },
      "original": {
        "owner": "NixOS",
        "ref": "nixpkgs-unstable",
        "repo": "nixpkgs",
        "type": "github"
      }
    },
    "nixpkgs_2": {
      "locked": {
        "lastModified": 1763678758,
        "narHash": "sha256-+hBiJ+kG5IoffUOdlANKFflTT5nO3FrrR2CA3178Y5s=",
        "owner": "NixOS",
        "repo": "nixpkgs",
        "rev": "117cc7f94e8072499b0a7aa4c52084fa4e11cc9b",
        "type": "github"
      },
      "original": {
        "owner": "NixOS",
        "ref": "nixos-unstable",
        "repo": "nixpkgs",
        "type": "github"
      }
    },
    "nixpkgs_3": {
      "locked": {
        "lastModified": 1763948260,
        "narHash": "sha256-dY9qLD0H0zOUgU3vWacPY6Qc421BeQAfm8kBuBtPVE0=",
        "owner": "NixOS",
        "repo": "nixpkgs",
        "rev": "1c8ba8d3f7634acac4a2094eef7c32ad9106532c",
        "type": "github"
      },
      "original": {
        "owner": "NixOS",
        "ref": "nixos-25.05",
        "repo": "nixpkgs",
        "type": "github"
      }
    },
    "openCodeSrc": {
      "inputs": {
        "nixpkgs": "nixpkgs"
      },
      "locked": {
        "lastModified": 1764276623,
        "narHash": "sha256-nPpPFFEtC6HyEldqlMAEjWajh6pDYFRRaaIhCwxMzDo=",
        "owner": "sst",
        "repo": "opencode",
        "rev": "776091cc232a37656eb9087d76c64b2e67c401c1",
        "type": "github"
      },
      "original": {
        "owner": "sst",
        "repo": "opencode",
        "type": "github"
      }
    },
    "plugins-dev-tools": {
      "flake": false,
      "locked": {
        "lastModified": 1762029306,
        "narHash": "sha256-Ms7vF+mL/VRd/vafijhUSl2dCLeV1JR6yBDXjQtNaEo=",
        "owner": "yarospace",
        "repo": "dev-tools.nvim",
        "rev": "d60a184f3a44fc39991a9251e84b3e7789246883",
        "type": "github"
      },
      "original": {
        "owner": "yarospace",
        "repo": "dev-tools.nvim",
        "type": "github"
      }
    },
    "plugins-opencode": {
      "flake": false,
      "locked": {
        "lastModified": 1764247723,
        "narHash": "sha256-cc4pV6wuByxgutUywHc0MV7OQHBXnkTsJAlG+Rs4D0k=",
        "owner": "sudo-tee",
        "repo": "opencode.nvim",
        "rev": "b72d46b98fa837bb17855bd3e893e2d94d2f3594",
        "type": "github"
      },
      "original": {
        "owner": "sudo-tee",
        "repo": "opencode.nvim",
        "type": "github"
      }
    },
    "root": {
      "inputs": {
        "mySystem": "mySystem",
        "nixos-wsl": "nixos-wsl",
        "nixpkgs": "nixpkgs_3"
      }
    }
  },
  "root": "root",
  "version": 7
}
